
Microsoft Visual Studio Solution File, Format Version 12.00
# Visual Studio Version 16
VisualStudioVersion = 16.0.30204.135
MinimumVisualStudioVersion = 10.0.40219.1
Project("{FAE04EC0-301F-11D3-BF4B-00C04F79EFBC}") = "UmbracoV8", "UmbracoV8.csproj", "{A900A236-32D1-48F2-A2CE-91599ACE416A}"
EndProject
Global
	GlobalSection(SolutionConfigurationPlatforms) = preSolution
		Debug|Any CPU = Debug|Any CPU
		Release|Any CPU = Release|Any CPU
	EndGlobalSection
	GlobalSection(ProjectConfigurationPlatforms) = postSolution
		{A900A236-32D1-48F2-A2CE-91599ACE416A}.Debug|Any CPU.ActiveCfg = Debug|Any CPU
		{A900A236-32D1-48F2-A2CE-91599ACE416A}.Debug|Any CPU.Build.0 = Debug|Any CPU
		{A900A236-32D1-48F2-A2CE-91599ACE416A}.Release|Any CPU.ActiveCfg = Release|Any CPU
		{A900A236-32D1-48F2-A2CE-91599ACE416A}.Release|Any CPU.Build.0 = Release|Any CPU
	EndGlobalSection
	GlobalSection(SolutionProperties) = preSolution
		HideSolutionNode = FALSE
	EndGlobalSection
	GlobalSection(ExtensibilityGlobals) = postSolution
		SolutionGuid = {E0152E69-5127-4890-A3FE-A1C06772CCC5}
	EndGlobalSection
EndGlobal
